
Microsoft Visual Studio Solution File, Format Version 12.00
# Visual Studio Version 17
VisualStudioVersion = 17.3.32804.467
MinimumVisualStudioVersion = 10.0.40219.1
Project("{9A19103F-16F7-4668-BE54-9A1E7A4F7556}") = "Entities", "Entities\Entities.csproj", "{9B91E04E-7687-4759-9B42-C85FCB42F992}"
EndProject
Project("{9A19103F-16F7-4668-BE54-9A1E7A4F7556}") = "DataAccess", "DataAccess\DataAccess.csproj", "{AB29E121-E3DF-47D8-9298-F4C9190680D2}"
EndProject
Project("{9A19103F-16F7-4668-BE54-9A1E7A4F7556}") = "Business", "Business\Business.csproj", "{ACC2194C-E5D1-419B-8DBB-47AB71218728}"
EndProject
Project("{9A19103F-16F7-4668-BE54-9A1E7A4F7556}") = "Core", "Core\Core.csproj", "{3607388B-EFB1-4149-AC3A-5717824EC8FB}"
EndProject
Project("{9A19103F-16F7-4668-BE54-9A1E7A4F7556}") = "ConsoleUI", "ConsoleUI\ConsoleUI.csproj", "{D36B2456-7DC7-45DF-AF95-83C0A373E95A}"
EndProject
Project("{9A19103F-16F7-4668-BE54-9A1E7A4F7556}") = "WebAPI", "WebAPI\WebAPI.csproj", "{3B1C84FE-2300-485D-B482-2985D7BA3280}"
EndProject
Global
	GlobalSection(SolutionConfigurationPlatforms) = preSolution
		Debug|Any CPU = Debug|Any CPU
		Release|Any CPU = Release|Any CPU
	EndGlobalSection
	GlobalSection(ProjectConfigurationPlatforms) = postSolution
		{9B91E04E-7687-4759-9B42-C85FCB42F992}.Debug|Any CPU.ActiveCfg = Debug|Any CPU
		{9B91E04E-7687-4759-9B42-C85FCB42F992}.Debug|Any CPU.Build.0 = Debug|Any CPU
		{9B91E04E-7687-4759-9B42-C85FCB42F992}.Release|Any CPU.ActiveCfg = Release|Any CPU
		{9B91E04E-7687-4759-9B42-C85FCB42F992}.Release|Any CPU.Build.0 = Release|Any CPU
		{AB29E121-E3DF-47D8-9298-F4C9190680D2}.Debug|Any CPU.ActiveCfg = Debug|Any CPU
		{AB29E121-E3DF-47D8-9298-F4C9190680D2}.Debug|Any CPU.Build.0 = Debug|Any CPU
		{AB29E121-E3DF-47D8-9298-F4C9190680D2}.Release|Any CPU.ActiveCfg = Release|Any CPU
		{AB29E121-E3DF-47D8-9298-F4C9190680D2}.Release|Any CPU.Build.0 = Release|Any CPU
		{ACC2194C-E5D1-419B-8DBB-47AB71218728}.Debug|Any CPU.ActiveCfg = Debug|Any CPU
		{ACC2194C-E5D1-419B-8DBB-47AB71218728}.Debug|Any CPU.Build.0 = Debug|Any CPU
		{ACC2194C-E5D1-419B-8DBB-47AB71218728}.Release|Any CPU.ActiveCfg = Release|Any CPU
		{ACC2194C-E5D1-419B-8DBB-47AB71218728}.Release|Any CPU.Build.0 = Release|Any CPU
		{3607388B-EFB1-4149-AC3A-5717824EC8FB}.Debug|Any CPU.ActiveCfg = Debug|Any CPU
		{3607388B-EFB1-4149-AC3A-5717824EC8FB}.Debug|Any CPU.Build.0 = Debug|Any CPU
		{3607388B-EFB1-4149-AC3A-5717824EC8FB}.Release|Any CPU.ActiveCfg = Release|Any CPU
		{3607388B-EFB1-4149-AC3A-5717824EC8FB}.Release|Any CPU.Build.0 = Release|Any CPU
		{D36B2456-7DC7-45DF-AF95-83C0A373E95A}.Debug|Any CPU.ActiveCfg = Debug|Any CPU
		{D36B2456-7DC7-45DF-AF95-83C0A373E95A}.Debug|Any CPU.Build.0 = Debug|Any CPU
		{D36B2456-7DC7-45DF-AF95-83C0A373E95A}.Release|Any CPU.ActiveCfg = Release|Any CPU
		{D36B2456-7DC7-45DF-AF95-83C0A373E95A}.Release|Any CPU.Build.0 = Release|Any CPU
		{3B1C84FE-2300-485D-B482-2985D7BA3280}.Debug|Any CPU.ActiveCfg = Debug|Any CPU
		{3B1C84FE-2300-485D-B482-2985D7BA3280}.Debug|Any CPU.Build.0 = Debug|Any CPU
		{3B1C84FE-2300-485D-B482-2985D7BA3280}.Release|Any CPU.ActiveCfg = Release|Any CPU
		{3B1C84FE-2300-485D-B482-2985D7BA3280}.Release|Any CPU.Build.0 = Release|Any CPU
	EndGlobalSection
	GlobalSection(SolutionProperties) = preSolution
		HideSolutionNode = FALSE
	EndGlobalSection
	GlobalSection(ExtensibilityGlobals) = postSolution
		SolutionGuid = {CA559053-5E6B-4F01-8218-23C286A8855A}
	EndGlobalSection
EndGlobal
